
Microsoft Visual Studio Solution File, Format Version 12.00
# Visual Studio 15
VisualStudioVersion = 15.0.26730.15
MinimumVisualStudioVersion = 10.0.40219.1
Project("{9A19103F-16F7-4668-BE54-9A1E7A4F7556}") = "SampleWebApi", "SampleWebApi\SampleWebApi.csproj", "{FB29DD19-0627-43FA-996E-8BC64FCCA9CB}"
EndProject
Project("{9A19103F-16F7-4668-BE54-9A1E7A4F7556}") = "SampleWebApi.Tests", "SampleWebApi.Tests\SampleWebApi.Tests.csproj", "{A49DDFB7-467E-447A-96CA-45084DBEF5D4}"
EndProject
Global
	GlobalSection(SolutionConfigurationPlatforms) = preSolution
		Debug|Any CPU = Debug|Any CPU
		Release|Any CPU = Release|Any CPU
	EndGlobalSection
	GlobalSection(ProjectConfigurationPlatforms) = postSolution
		{FB29DD19-0627-43FA-996E-8BC64FCCA9CB}.Debug|Any CPU.ActiveCfg = Debug|Any CPU
		{FB29DD19-0627-43FA-996E-8BC64FCCA9CB}.Debug|Any CPU.Build.0 = Debug|Any CPU
		{FB29DD19-0627-43FA-996E-8BC64FCCA9CB}.Release|Any CPU.ActiveCfg = Release|Any CPU
		{FB29DD19-0627-43FA-996E-8BC64FCCA9CB}.Release|Any CPU.Build.0 = Release|Any CPU
		{A49DDFB7-467E-447A-96CA-45084DBEF5D4}.Debug|Any CPU.ActiveCfg = Debug|Any CPU
		{A49DDFB7-467E-447A-96CA-45084DBEF5D4}.Debug|Any CPU.Build.0 = Debug|Any CPU
		{A49DDFB7-467E-447A-96CA-45084DBEF5D4}.Release|Any CPU.ActiveCfg = Release|Any CPU
		{A49DDFB7-467E-447A-96CA-45084DBEF5D4}.Release|Any CPU.Build.0 = Release|Any CPU
	EndGlobalSection
	GlobalSection(SolutionProperties) = preSolution
		HideSolutionNode = FALSE
	EndGlobalSection
	GlobalSection(ExtensibilityGlobals) = postSolution
		SolutionGuid = {1DA91CC4-11B1-4ADA-B363-5A3198250A7F}
	EndGlobalSection
EndGlobal
